// !$*UTF8*$!
{
	archiveVersion = 1;
	classes = {
	};
	objectVersion = 48;
	objects = {

/* Begin PBXBuildFile section */
		3FE0A3CF2056700E00C43579 /* GoogleService-Info.plist in Resources */ = {isa = PBXBuildFile; fileRef = 3FE0A3CE2056700E00C43579 /* GoogleService-Info.plist */; };
		3FE0A3D220569B6B00C43579 /* NewLoginViewController.swift in Sources */ = {isa = PBXBuildFile; fileRef = 3FE0A3D120569B6B00C43579 /* NewLoginViewController.swift */; };
		470D3D3C202ADA6200648433 /* CallDriverMapViewController.swift in Sources */ = {isa = PBXBuildFile; fileRef = 470D3D3B202ADA6200648433 /* CallDriverMapViewController.swift */; };
		470D3D3F202B00F100648433 /* Login.storyboard in Resources */ = {isa = PBXBuildFile; fileRef = 470D3D3E202B00F100648433 /* Login.storyboard */; };
		470D3D41202B25F900648433 /* LoginViewController.swift in Sources */ = {isa = PBXBuildFile; fileRef = 470D3D40202B25F900648433 /* LoginViewController.swift */; };
		47A32D392029AD37008954EF /* AppDelegate.swift in Sources */ = {isa = PBXBuildFile; fileRef = 47A32D382029AD37008954EF /* AppDelegate.swift */; };
		47A32D3B2029AD37008954EF /* HomeViewController.swift in Sources */ = {isa = PBXBuildFile; fileRef = 47A32D3A2029AD37008954EF /* HomeViewController.swift */; };
		47A32D3E2029AD38008954EF /* Main.storyboard in Resources */ = {isa = PBXBuildFile; fileRef = 47A32D3C2029AD38008954EF /* Main.storyboard */; };
		47A32D412029AD38008954EF /* DemandDriver.xcdatamodeld in Sources */ = {isa = PBXBuildFile; fileRef = 47A32D3F2029AD38008954EF /* DemandDriver.xcdatamodeld */; };
		47A32D432029AD38008954EF /* Assets.xcassets in Resources */ = {isa = PBXBuildFile; fileRef = 47A32D422029AD38008954EF /* Assets.xcassets */; };
		47A32D462029AD38008954EF /* LaunchScreen.storyboard in Resources */ = {isa = PBXBuildFile; fileRef = 47A32D442029AD38008954EF /* LaunchScreen.storyboard */; };
		47A32D512029AD38008954EF /* DemandDriverTests.swift in Sources */ = {isa = PBXBuildFile; fileRef = 47A32D502029AD38008954EF /* DemandDriverTests.swift */; };
		47A32D5C2029AD38008954EF /* DemandDriverUITests.swift in Sources */ = {isa = PBXBuildFile; fileRef = 47A32D5B2029AD38008954EF /* DemandDriverUITests.swift */; };
		47B31767202D733F00293F54 /* SignUpViewController.swift in Sources */ = {isa = PBXBuildFile; fileRef = 47B31766202D733F00293F54 /* SignUpViewController.swift */; };
		47E8C678202C146B001AC7E1 /* ViewExtender.swift in Sources */ = {isa = PBXBuildFile; fileRef = 47E8C677202C146B001AC7E1 /* ViewExtender.swift */; };
		6F1B359B205A81F7006538F4 /* PersonalInformationViewController.swift in Sources */ = {isa = PBXBuildFile; fileRef = 6F1B359A205A81F7006538F4 /* PersonalInformationViewController.swift */; };
		6F1DD3AB2058E1D700A73659 /* TariffTableViewCell.swift in Sources */ = {isa = PBXBuildFile; fileRef = 6F1DD3AA2058E1D700A73659 /* TariffTableViewCell.swift */; };
		6F1DD3AD2058E1FA00A73659 /* TariffViewController.swift in Sources */ = {isa = PBXBuildFile; fileRef = 6F1DD3AC2058E1FA00A73659 /* TariffViewController.swift */; };
		6FA723F5205BCE9F0094E3A2 /* SettingsViewController.swift in Sources */ = {isa = PBXBuildFile; fileRef = 6FA723F4205BCE9F0094E3A2 /* SettingsViewController.swift */; };
		6FB6EDB9205A4323008F7D48 /* CurrentBookingViewController.swift in Sources */ = {isa = PBXBuildFile; fileRef = 6FB6EDB8205A4323008F7D48 /* CurrentBookingViewController.swift */; };
		6FB6EDBB205A434C008F7D48 /* CurrentBookingTableViewCell.swift in Sources */ = {isa = PBXBuildFile; fileRef = 6FB6EDBA205A434C008F7D48 /* CurrentBookingTableViewCell.swift */; };
		6FEEF9132060D6A700FD966A /* MapKit.framework in Frameworks */ = {isa = PBXBuildFile; fileRef = 6FEEF9122060D6A600FD966A /* MapKit.framework */; };
		6FEEF9152060DAD900FD966A /* CoreLocation.framework in Frameworks */ = {isa = PBXBuildFile; fileRef = 6FEEF9142060DAD900FD966A /* CoreLocation.framework */; };
		6FF1D5AA202D661A00F38E61 /* Splash Screen.storyboard in Resources */ = {isa = PBXBuildFile; fileRef = 6FF1D5A9202D661A00F38E61 /* Splash Screen.storyboard */; };
		6FF1D5AE202D66EC00F38E61 /* SplashScreenControllerViewController.swift in Sources */ = {isa = PBXBuildFile; fileRef = 6FF1D5AD202D66EC00F38E61 /* SplashScreenControllerViewController.swift */; };
		6FF1D5B0202D9BD300F38E61 /* otp.swift in Sources */ = {isa = PBXBuildFile; fileRef = 6FF1D5AF202D9BD300F38E61 /* otp.swift */; };
		7F87F3FC767EBC7AF9797C43 /* Pods_DemandDriver.framework in Frameworks */ = {isa = PBXBuildFile; fileRef = C449E3DD581E3AD498F476C2 /* Pods_DemandDriver.framework */; };
		ACC0613B3F106CABF57BAD54 /* Pods_DemandDriverUITests.framework in Frameworks */ = {isa = PBXBuildFile; fileRef = CF078F9154A02B1C1E3E3007 /* Pods_DemandDriverUITests.framework */; };
		AF7C6742593F40F173417F21 /* Pods_DemandDriverTests.framework in Frameworks */ = {isa = PBXBuildFile; fileRef = C6ACB1FFFA9CE0ED03CA5DE7 /* Pods_DemandDriverTests.framework */; };
/* End PBXBuildFile section */

/* Begin PBXContainerItemProxy section */
		47A32D4D2029AD38008954EF /* PBXContainerItemProxy */ = {
			isa = PBXContainerItemProxy;
			containerPortal = 47A32D2D2029AD37008954EF /* Project object */;
			proxyType = 1;
			remoteGlobalIDString = 47A32D342029AD37008954EF;
			remoteInfo = DemandDriver;
		};
		47A32D582029AD38008954EF /* PBXContainerItemProxy */ = {
			isa = PBXContainerItemProxy;
			containerPortal = 47A32D2D2029AD37008954EF /* Project object */;
			proxyType = 1;
			remoteGlobalIDString = 47A32D342029AD37008954EF;
			remoteInfo = DemandDriver;
		};
/* End PBXContainerItemProxy section */

/* Begin PBXFileReference section */
		33563F76E8269E318D42A85F /* Pods-DemandDriverUITests.debug.xcconfig */ = {isa = PBXFileReference; includeInIndex = 1; lastKnownFileType = text.xcconfig; name = "Pods-DemandDriverUITests.debug.xcconfig"; path = "Pods/Target Support Files/Pods-DemandDriverUITests/Pods-DemandDriverUITests.debug.xcconfig"; sourceTree = "<group>"; };
		3FE0A3CE2056700E00C43579 /* GoogleService-Info.plist */ = {isa = PBXFileReference; fileEncoding = 4; lastKnownFileType = text.plist.xml; path = "GoogleService-Info.plist"; sourceTree = "<group>"; };
		3FE0A3D020568E5600C43579 /* DemandDriver.entitlements */ = {isa = PBXFileReference; lastKnownFileType = text.plist.entitlements; path = DemandDriver.entitlements; sourceTree = "<group>"; };
		3FE0A3D120569B6B00C43579 /* NewLoginViewController.swift */ = {isa = PBXFileReference; lastKnownFileType = sourcecode.swift; path = NewLoginViewController.swift; sourceTree = "<group>"; };
		470D3D3B202ADA6200648433 /* CallDriverMapViewController.swift */ = {isa = PBXFileReference; lastKnownFileType = sourcecode.swift; path = CallDriverMapViewController.swift; sourceTree = "<group>"; };
		470D3D3E202B00F100648433 /* Login.storyboard */ = {isa = PBXFileReference; lastKnownFileType = file.storyboard; path = Login.storyboard; sourceTree = "<group>"; };
		470D3D40202B25F900648433 /* LoginViewController.swift */ = {isa = PBXFileReference; lastKnownFileType = sourcecode.swift; path = LoginViewController.swift; sourceTree = "<group>"; };
		47A32D352029AD37008954EF /* DemandDriver.app */ = {isa = PBXFileReference; explicitFileType = wrapper.application; includeInIndex = 0; path = DemandDriver.app; sourceTree = BUILT_PRODUCTS_DIR; };
		47A32D382029AD37008954EF /* AppDelegate.swift */ = {isa = PBXFileReference; lastKnownFileType = sourcecode.swift; path = AppDelegate.swift; sourceTree = "<group>"; };
		47A32D3A2029AD37008954EF /* HomeViewController.swift */ = {isa = PBXFileReference; lastKnownFileType = sourcecode.swift; path = HomeViewController.swift; sourceTree = "<group>"; };
		47A32D3D2029AD38008954EF /* Base */ = {isa = PBXFileReference; lastKnownFileType = file.storyboard; name = Base; path = Base.lproj/Main.storyboard; sourceTree = "<group>"; };
		47A32D402029AD38008954EF /* DemandDriver.xcdatamodel */ = {isa = PBXFileReference; lastKnownFileType = wrapper.xcdatamodel; path = DemandDriver.xcdatamodel; sourceTree = "<group>"; };
		47A32D422029AD38008954EF /* Assets.xcassets */ = {isa = PBXFileReference; lastKnownFileType = folder.assetcatalog; path = Assets.xcassets; sourceTree = "<group>"; };
		47A32D452029AD38008954EF /* Base */ = {isa = PBXFileReference; lastKnownFileType = file.storyboard; name = Base; path = Base.lproj/LaunchScreen.storyboard; sourceTree = "<group>"; };
		47A32D472029AD38008954EF /* Info.plist */ = {isa = PBXFileReference; lastKnownFileType = text.plist.xml; path = Info.plist; sourceTree = "<group>"; };
		47A32D4C2029AD38008954EF /* DemandDriverTests.xctest */ = {isa = PBXFileReference; explicitFileType = wrapper.cfbundle; includeInIndex = 0; path = DemandDriverTests.xctest; sourceTree = BUILT_PRODUCTS_DIR; };
		47A32D502029AD38008954EF /* DemandDriverTests.swift */ = {isa = PBXFileReference; lastKnownFileType = sourcecode.swift; path = DemandDriverTests.swift; sourceTree = "<group>"; };
		47A32D522029AD38008954EF /* Info.plist */ = {isa = PBXFileReference; lastKnownFileType = text.plist.xml; path = Info.plist; sourceTree = "<group>"; };
		47A32D572029AD38008954EF /* DemandDriverUITests.xctest */ = {isa = PBXFileReference; explicitFileType = wrapper.cfbundle; includeInIndex = 0; path = DemandDriverUITests.xctest; sourceTree = BUILT_PRODUCTS_DIR; };
		47A32D5B2029AD38008954EF /* DemandDriverUITests.swift */ = {isa = PBXFileReference; lastKnownFileType = sourcecode.swift; path = DemandDriverUITests.swift; sourceTree = "<group>"; };
		47A32D5D2029AD38008954EF /* Info.plist */ = {isa = PBXFileReference; lastKnownFileType = text.plist.xml; path = Info.plist; sourceTree = "<group>"; };
		47B31766202D733F00293F54 /* SignUpViewController.swift */ = {isa = PBXFileReference; lastKnownFileType = sourcecode.swift; path = SignUpViewController.swift; sourceTree = "<group>"; };
		47E8C677202C146B001AC7E1 /* ViewExtender.swift */ = {isa = PBXFileReference; lastKnownFileType = sourcecode.swift; path = ViewExtender.swift; sourceTree = "<group>"; };
		6F1B359A205A81F7006538F4 /* PersonalInformationViewController.swift */ = {isa = PBXFileReference; lastKnownFileType = sourcecode.swift; path = PersonalInformationViewController.swift; sourceTree = "<group>"; };
		6F1DD3AA2058E1D700A73659 /* TariffTableViewCell.swift */ = {isa = PBXFileReference; lastKnownFileType = sourcecode.swift; path = TariffTableViewCell.swift; sourceTree = "<group>"; };
		6F1DD3AC2058E1FA00A73659 /* TariffViewController.swift */ = {isa = PBXFileReference; lastKnownFileType = sourcecode.swift; path = TariffViewController.swift; sourceTree = "<group>"; };
		6F1DD3AF20591F1F00A73659 /* CountryPicker.framework */ = {isa = PBXFileReference; explicitFileType = wrapper.framework; path = CountryPicker.framework; sourceTree = BUILT_PRODUCTS_DIR; };
		6F1DD3B12059204000A73659 /* MRCountryPicker.framework */ = {isa = PBXFileReference; explicitFileType = wrapper.framework; path = MRCountryPicker.framework; sourceTree = BUILT_PRODUCTS_DIR; };
		6FA723F4205BCE9F0094E3A2 /* SettingsViewController.swift */ = {isa = PBXFileReference; lastKnownFileType = sourcecode.swift; path = SettingsViewController.swift; sourceTree = "<group>"; };
		6FB6EDB8205A4323008F7D48 /* CurrentBookingViewController.swift */ = {isa = PBXFileReference; lastKnownFileType = sourcecode.swift; path = CurrentBookingViewController.swift; sourceTree = "<group>"; };
		6FB6EDBA205A434C008F7D48 /* CurrentBookingTableViewCell.swift */ = {isa = PBXFileReference; lastKnownFileType = sourcecode.swift; path = CurrentBookingTableViewCell.swift; sourceTree = "<group>"; };
		6FEEF9122060D6A600FD966A /* MapKit.framework */ = {isa = PBXFileReference; lastKnownFileType = wrapper.framework; name = MapKit.framework; path = System/Library/Frameworks/MapKit.framework; sourceTree = SDKROOT; };
		6FEEF9142060DAD900FD966A /* CoreLocation.framework */ = {isa = PBXFileReference; lastKnownFileType = wrapper.framework; name = CoreLocation.framework; path = System/Library/Frameworks/CoreLocation.framework; sourceTree = SDKROOT; };
		6FF1D5A9202D661A00F38E61 /* Splash Screen.storyboard */ = {isa = PBXFileReference; lastKnownFileType = file.storyboard; path = "Splash Screen.storyboard"; sourceTree = "<group>"; };
		6FF1D5AD202D66EC00F38E61 /* SplashScreenControllerViewController.swift */ = {isa = PBXFileReference; lastKnownFileType = sourcecode.swift; path = SplashScreenControllerViewController.swift; sourceTree = "<group>"; };
		6FF1D5AF202D9BD300F38E61 /* otp.swift */ = {isa = PBXFileReference; lastKnownFileType = sourcecode.swift; path = otp.swift; sourceTree = "<group>"; };
		81281D87511F743CCD9D5CFE /* Pods-DemandDriver.release.xcconfig */ = {isa = PBXFileReference; includeInIndex = 1; lastKnownFileType = text.xcconfig; name = "Pods-DemandDriver.release.xcconfig"; path = "Pods/Target Support Files/Pods-DemandDriver/Pods-DemandDriver.release.xcconfig"; sourceTree = "<group>"; };
		898C9111B0C099037DC8E055 /* Pods-DemandDriverTests.debug.xcconfig */ = {isa = PBXFileReference; includeInIndex = 1; lastKnownFileType = text.xcconfig; name = "Pods-DemandDriverTests.debug.xcconfig"; path = "Pods/Target Support Files/Pods-DemandDriverTests/Pods-DemandDriverTests.debug.xcconfig"; sourceTree = "<group>"; };
		9DA05E0FB592FB4AAA808FA0 /* Pods-DemandDriverTests.release.xcconfig */ = {isa = PBXFileReference; includeInIndex = 1; lastKnownFileType = text.xcconfig; name = "Pods-DemandDriverTests.release.xcconfig"; path = "Pods/Target Support Files/Pods-DemandDriverTests/Pods-DemandDriverTests.release.xcconfig"; sourceTree = "<group>"; };
		AA1201497DAB477CC64F8981 /* Pods-DemandDriverUITests.release.xcconfig */ = {isa = PBXFileReference; includeInIndex = 1; lastKnownFileType = text.xcconfig; name = "Pods-DemandDriverUITests.release.xcconfig"; path = "Pods/Target Support Files/Pods-DemandDriverUITests/Pods-DemandDriverUITests.release.xcconfig"; sourceTree = "<group>"; };
		C449E3DD581E3AD498F476C2 /* Pods_DemandDriver.framework */ = {isa = PBXFileReference; explicitFileType = wrapper.framework; includeInIndex = 0; path = Pods_DemandDriver.framework; sourceTree = BUILT_PRODUCTS_DIR; };
		C6ACB1FFFA9CE0ED03CA5DE7 /* Pods_DemandDriverTests.framework */ = {isa = PBXFileReference; explicitFileType = wrapper.framework; includeInIndex = 0; path = Pods_DemandDriverTests.framework; sourceTree = BUILT_PRODUCTS_DIR; };
		CCE2B9BF3029011E2F0D3A2C /* Pods-DemandDriver.debug.xcconfig */ = {isa = PBXFileReference; includeInIndex = 1; lastKnownFileType = text.xcconfig; name = "Pods-DemandDriver.debug.xcconfig"; path = "Pods/Target Support Files/Pods-DemandDriver/Pods-DemandDriver.debug.xcconfig"; sourceTree = "<group>"; };
		CF078F9154A02B1C1E3E3007 /* Pods_DemandDriverUITests.framework */ = {isa = PBXFileReference; explicitFileType = wrapper.framework; includeInIndex = 0; path = Pods_DemandDriverUITests.framework; sourceTree = BUILT_PRODUCTS_DIR; };
/* End PBXFileReference section */

/* Begin PBXFrameworksBuildPhase section */
		47A32D322029AD37008954EF /* Frameworks */ = {
			isa = PBXFrameworksBuildPhase;
			buildActionMask = 2147483647;
			files = (
				6FEEF9152060DAD900FD966A /* CoreLocation.framework in Frameworks */,
				6FEEF9132060D6A700FD966A /* MapKit.framework in Frameworks */,
				7F87F3FC767EBC7AF9797C43 /* Pods_DemandDriver.framework in Frameworks */,
			);
			runOnlyForDeploymentPostprocessing = 0;
		};
		47A32D492029AD38008954EF /* Frameworks */ = {
			isa = PBXFrameworksBuildPhase;
			buildActionMask = 2147483647;
			files = (
				AF7C6742593F40F173417F21 /* Pods_DemandDriverTests.framework in Frameworks */,
			);
			runOnlyForDeploymentPostprocessing = 0;
		};
		47A32D542029AD38008954EF /* Frameworks */ = {
			isa = PBXFrameworksBuildPhase;
			buildActionMask = 2147483647;
			files = (
				ACC0613B3F106CABF57BAD54 /* Pods_DemandDriverUITests.framework in Frameworks */,
			);
			runOnlyForDeploymentPostprocessing = 0;
		};
/* End PBXFrameworksBuildPhase section */

/* Begin PBXGroup section */
		47A32D2C2029AD37008954EF = {
			isa = PBXGroup;
			children = (
				47A32D372029AD37008954EF /* DemandDriver */,
				47A32D4F2029AD38008954EF /* DemandDriverTests */,
				47A32D5A2029AD38008954EF /* DemandDriverUITests */,
				47A32D362029AD37008954EF /* Products */,
				4F2467C4F0A56D1063DFE87B /* Pods */,
				624234DE6A2FF15C0DC9F070 /* Frameworks */,
			);
			sourceTree = "<group>";
		};
		47A32D362029AD37008954EF /* Products */ = {
			isa = PBXGroup;
			children = (
				47A32D352029AD37008954EF /* DemandDriver.app */,
				47A32D4C2029AD38008954EF /* DemandDriverTests.xctest */,
				47A32D572029AD38008954EF /* DemandDriverUITests.xctest */,
			);
			name = Products;
			sourceTree = "<group>";
		};
		47A32D372029AD37008954EF /* DemandDriver */ = {
			isa = PBXGroup;
			children = (
				3FE0A3D020568E5600C43579 /* DemandDriver.entitlements */,
				47A32D382029AD37008954EF /* AppDelegate.swift */,
				6FF1D5B1202DB21000F38E61 /* Controller */,
				47A32D422029AD38008954EF /* Assets.xcassets */,
				6F1DD3A92058E17D00A73659 /* View */,
				6FF1D5AB202D662300F38E61 /* StoryBoard */,
				47A32D442029AD38008954EF /* LaunchScreen.storyboard */,
				47A32D472029AD38008954EF /* Info.plist */,
				3FE0A3CE2056700E00C43579 /* GoogleService-Info.plist */,
				47A32D3F2029AD38008954EF /* DemandDriver.xcdatamodeld */,
			);
			path = DemandDriver;
			sourceTree = "<group>";
		};
		47A32D4F2029AD38008954EF /* DemandDriverTests */ = {
			isa = PBXGroup;
			children = (
				47A32D502029AD38008954EF /* DemandDriverTests.swift */,
				47A32D522029AD38008954EF /* Info.plist */,
			);
			path = DemandDriverTests;
			sourceTree = "<group>";
		};
		47A32D5A2029AD38008954EF /* DemandDriverUITests */ = {
			isa = PBXGroup;
			children = (
				47A32D5B2029AD38008954EF /* DemandDriverUITests.swift */,
				47A32D5D2029AD38008954EF /* Info.plist */,
			);
			path = DemandDriverUITests;
			sourceTree = "<group>";
		};
		4F2467C4F0A56D1063DFE87B /* Pods */ = {
			isa = PBXGroup;
			children = (
				CCE2B9BF3029011E2F0D3A2C /* Pods-DemandDriver.debug.xcconfig */,
				81281D87511F743CCD9D5CFE /* Pods-DemandDriver.release.xcconfig */,
				898C9111B0C099037DC8E055 /* Pods-DemandDriverTests.debug.xcconfig */,
				9DA05E0FB592FB4AAA808FA0 /* Pods-DemandDriverTests.release.xcconfig */,
				33563F76E8269E318D42A85F /* Pods-DemandDriverUITests.debug.xcconfig */,
				AA1201497DAB477CC64F8981 /* Pods-DemandDriverUITests.release.xcconfig */,
			);
			name = Pods;
			sourceTree = "<group>";
		};
		624234DE6A2FF15C0DC9F070 /* Frameworks */ = {
			isa = PBXGroup;
			children = (
				6FEEF9142060DAD900FD966A /* CoreLocation.framework */,
				6FEEF9122060D6A600FD966A /* MapKit.framework */,
				6F1DD3B12059204000A73659 /* MRCountryPicker.framework */,
				6F1DD3AF20591F1F00A73659 /* CountryPicker.framework */,
				C449E3DD581E3AD498F476C2 /* Pods_DemandDriver.framework */,
				C6ACB1FFFA9CE0ED03CA5DE7 /* Pods_DemandDriverTests.framework */,
				CF078F9154A02B1C1E3E3007 /* Pods_DemandDriverUITests.framework */,
			);
			name = Frameworks;
			sourceTree = "<group>";
		};
		6F1DD3A92058E17D00A73659 /* View */ = {
			isa = PBXGroup;
			children = (
				6F1DD3AA2058E1D700A73659 /* TariffTableViewCell.swift */,
				6FB6EDBA205A434C008F7D48 /* CurrentBookingTableViewCell.swift */,
			);
			path = View;
			sourceTree = "<group>";
		};
		6FF1D5AB202D662300F38E61 /* StoryBoard */ = {
			isa = PBXGroup;
			children = (
				47A32D3C2029AD38008954EF /* Main.storyboard */,
				6FF1D5A9202D661A00F38E61 /* Splash Screen.storyboard */,
				470D3D3E202B00F100648433 /* Login.storyboard */,
			);
			path = StoryBoard;
			sourceTree = "<group>";
		};
		6FF1D5B1202DB21000F38E61 /* Controller */ = {
			isa = PBXGroup;
			children = (
				6FF1D5AD202D66EC00F38E61 /* SplashScreenControllerViewController.swift */,
				470D3D3B202ADA6200648433 /* CallDriverMapViewController.swift */,
				470D3D40202B25F900648433 /* LoginViewController.swift */,
				47B31766202D733F00293F54 /* SignUpViewController.swift */,
				6FF1D5AF202D9BD300F38E61 /* otp.swift */,
				47A32D3A2029AD37008954EF /* HomeViewController.swift */,
				47E8C677202C146B001AC7E1 /* ViewExtender.swift */,
				3FE0A3D120569B6B00C43579 /* NewLoginViewController.swift */,
				6F1DD3AC2058E1FA00A73659 /* TariffViewController.swift */,
				6FB6EDB8205A4323008F7D48 /* CurrentBookingViewController.swift */,
				6F1B359A205A81F7006538F4 /* PersonalInformationViewController.swift */,
				6FA723F4205BCE9F0094E3A2 /* SettingsViewController.swift */,
			);
			path = Controller;
			sourceTree = "<group>";
		};
/* End PBXGroup section */

/* Begin PBXNativeTarget section */
		47A32D342029AD37008954EF /* DemandDriver */ = {
			isa = PBXNativeTarget;
			buildConfigurationList = 47A32D602029AD38008954EF /* Build configuration list for PBXNativeTarget "DemandDriver" */;
			buildPhases = (
				A4B67114F6A11C0C0566C11F /* [CP] Check Pods Manifest.lock */,
				47A32D312029AD37008954EF /* Sources */,
				47A32D322029AD37008954EF /* Frameworks */,
				47A32D332029AD37008954EF /* Resources */,
				6F23082726952F3907EFEC0C /* [CP] Embed Pods Frameworks */,
				A0007028EBD75D755A3DFCCC /* [CP] Copy Pods Resources */,
			);
			buildRules = (
			);
			dependencies = (
			);
			name = DemandDriver;
			productName = DemandDriver;
			productReference = 47A32D352029AD37008954EF /* DemandDriver.app */;
			productType = "com.apple.product-type.application";
		};
		47A32D4B2029AD38008954EF /* DemandDriverTests */ = {
			isa = PBXNativeTarget;
			buildConfigurationList = 47A32D632029AD38008954EF /* Build configuration list for PBXNativeTarget "DemandDriverTests" */;
			buildPhases = (
				E385C6C5B89A3CC4265B00DE /* [CP] Check Pods Manifest.lock */,
				47A32D482029AD38008954EF /* Sources */,
				47A32D492029AD38008954EF /* Frameworks */,
				47A32D4A2029AD38008954EF /* Resources */,
				C8E886EC501B3407C3C1302D /* [CP] Embed Pods Frameworks */,
				78BCE0B86D309D64FCAB1783 /* [CP] Copy Pods Resources */,
			);
			buildRules = (
			);
			dependencies = (
				47A32D4E2029AD38008954EF /* PBXTargetDependency */,
			);
			name = DemandDriverTests;
			productName = DemandDriverTests;
			productReference = 47A32D4C2029AD38008954EF /* DemandDriverTests.xctest */;
			productType = "com.apple.product-type.bundle.unit-test";
		};
		47A32D562029AD38008954EF /* DemandDriverUITests */ = {
			isa = PBXNativeTarget;
			buildConfigurationList = 47A32D662029AD38008954EF /* Build configuration list for PBXNativeTarget "DemandDriverUITests" */;
			buildPhases = (
				BA99090AE2B30A7FA2330AFC /* [CP] Check Pods Manifest.lock */,
				47A32D532029AD38008954EF /* Sources */,
				47A32D542029AD38008954EF /* Frameworks */,
				47A32D552029AD38008954EF /* Resources */,
				564557ACAF1D41083B00704E /* [CP] Embed Pods Frameworks */,
				3783933524E81F7DB720FE27 /* [CP] Copy Pods Resources */,
			);
			buildRules = (
			);
			dependencies = (
				47A32D592029AD38008954EF /* PBXTargetDependency */,
			);
			name = DemandDriverUITests;
			productName = DemandDriverUITests;
			productReference = 47A32D572029AD38008954EF /* DemandDriverUITests.xctest */;
			productType = "com.apple.product-type.bundle.ui-testing";
		};
/* End PBXNativeTarget section */

/* Begin PBXProject section */
		47A32D2D2029AD37008954EF /* Project object */ = {
			isa = PBXProject;
			attributes = {
				LastSwiftUpdateCheck = 0920;
				LastUpgradeCheck = 0920;
				ORGANIZATIONNAME = Siva;
				TargetAttributes = {
					47A32D342029AD37008954EF = {
						CreatedOnToolsVersion = 9.2;
						ProvisioningStyle = Automatic;
						SystemCapabilities = {
							com.apple.BackgroundModes = {
								enabled = 1;
							};
							com.apple.Push = {
								enabled = 1;
							};
						};
					};
					47A32D4B2029AD38008954EF = {
						CreatedOnToolsVersion = 9.2;
						ProvisioningStyle = Automatic;
						TestTargetID = 47A32D342029AD37008954EF;
					};
					47A32D562029AD38008954EF = {
						CreatedOnToolsVersion = 9.2;
						ProvisioningStyle = Automatic;
						TestTargetID = 47A32D342029AD37008954EF;
					};
				};
			};
			buildConfigurationList = 47A32D302029AD37008954EF /* Build configuration list for PBXProject "DemandDriver" */;
			compatibilityVersion = "Xcode 8.0";
			developmentRegion = en;
			hasScannedForEncodings = 0;
			knownRegions = (
				en,
				Base,
			);
			mainGroup = 47A32D2C2029AD37008954EF;
			productRefGroup = 47A32D362029AD37008954EF /* Products */;
			projectDirPath = "";
			projectRoot = "";
			targets = (
				47A32D342029AD37008954EF /* DemandDriver */,
				47A32D4B2029AD38008954EF /* DemandDriverTests */,
				47A32D562029AD38008954EF /* DemandDriverUITests */,
			);
		};
/* End PBXProject section */

/* Begin PBXResourcesBuildPhase section */
		47A32D332029AD37008954EF /* Resources */ = {
			isa = PBXResourcesBuildPhase;
			buildActionMask = 2147483647;
			files = (
				470D3D3F202B00F100648433 /* Login.storyboard in Resources */,
				47A32D462029AD38008954EF /* LaunchScreen.storyboard in Resources */,
				47A32D432029AD38008954EF /* Assets.xcassets in Resources */,
				6FF1D5AA202D661A00F38E61 /* Splash Screen.storyboard in Resources */,
				47A32D3E2029AD38008954EF /* Main.storyboard in Resources */,
				3FE0A3CF2056700E00C43579 /* GoogleService-Info.plist in Resources */,
			);
			runOnlyForDeploymentPostprocessing = 0;
		};
		47A32D4A2029AD38008954EF /* Resources */ = {
			isa = PBXResourcesBuildPhase;
			buildActionMask = 2147483647;
			files = (
			);
			runOnlyForDeploymentPostprocessing = 0;
		};
		47A32D552029AD38008954EF /* Resources */ = {
			isa = PBXResourcesBuildPhase;
			buildActionMask = 2147483647;
			files = (
			);
			runOnlyForDeploymentPostprocessing = 0;
		};
/* End PBXResourcesBuildPhase section */

/* Begin PBXShellScriptBuildPhase section */
		3783933524E81F7DB720FE27 /* [CP] Copy Pods Resources */ = {
			isa = PBXShellScriptBuildPhase;
			buildActionMask = 2147483647;
			files = (
			);
			inputPaths = (
			);
			name = "[CP] Copy Pods Resources";
			outputPaths = (
			);
			runOnlyForDeploymentPostprocessing = 0;
			shellPath = /bin/sh;
			shellScript = "\"${SRCROOT}/Pods/Target Support Files/Pods-DemandDriverUITests/Pods-DemandDriverUITests-resources.sh\"\n";
			showEnvVarsInLog = 0;
		};
		564557ACAF1D41083B00704E /* [CP] Embed Pods Frameworks */ = {
			isa = PBXShellScriptBuildPhase;
			buildActionMask = 2147483647;
			files = (
			);
			inputPaths = (
			);
			name = "[CP] Embed Pods Frameworks";
			outputPaths = (
			);
			runOnlyForDeploymentPostprocessing = 0;
			shellPath = /bin/sh;
			shellScript = "\"${SRCROOT}/Pods/Target Support Files/Pods-DemandDriverUITests/Pods-DemandDriverUITests-frameworks.sh\"\n";
			showEnvVarsInLog = 0;
		};
		6F23082726952F3907EFEC0C /* [CP] Embed Pods Frameworks */ = {
			isa = PBXShellScriptBuildPhase;
			buildActionMask = 2147483647;
			files = (
			);
			inputPaths = (
				"${SRCROOT}/Pods/Target Support Files/Pods-DemandDriver/Pods-DemandDriver-frameworks.sh",
				"${BUILT_PRODUCTS_DIR}/BoringSSL/openssl.framework",
				"${BUILT_PRODUCTS_DIR}/GTMSessionFetcher/GTMSessionFetcher.framework",
				"${BUILT_PRODUCTS_DIR}/GoogleToolboxForMac/GoogleToolboxForMac.framework",
				"${BUILT_PRODUCTS_DIR}/Protobuf/Protobuf.framework",
				"${BUILT_PRODUCTS_DIR}/gRPC/GRPCClient.framework",
				"${BUILT_PRODUCTS_DIR}/gRPC-Core/grpc.framework",
				"${BUILT_PRODUCTS_DIR}/gRPC-ProtoRPC/ProtoRPC.framework",
				"${BUILT_PRODUCTS_DIR}/gRPC-RxLibrary/RxLibrary.framework",
				"${BUILT_PRODUCTS_DIR}/leveldb-library/leveldb.framework",
				"${BUILT_PRODUCTS_DIR}/nanopb/nanopb.framework",
			);
			name = "[CP] Embed Pods Frameworks";
			outputPaths = (
				"${TARGET_BUILD_DIR}/${FRAMEWORKS_FOLDER_PATH}/openssl.framework",
				"${TARGET_BUILD_DIR}/${FRAMEWORKS_FOLDER_PATH}/GTMSessionFetcher.framework",
				"${TARGET_BUILD_DIR}/${FRAMEWORKS_FOLDER_PATH}/GoogleToolboxForMac.framework",
				"${TARGET_BUILD_DIR}/${FRAMEWORKS_FOLDER_PATH}/Protobuf.framework",
				"${TARGET_BUILD_DIR}/${FRAMEWORKS_FOLDER_PATH}/GRPCClient.framework",
				"${TARGET_BUILD_DIR}/${FRAMEWORKS_FOLDER_PATH}/grpc.framework",
				"${TARGET_BUILD_DIR}/${FRAMEWORKS_FOLDER_PATH}/ProtoRPC.framework",
				"${TARGET_BUILD_DIR}/${FRAMEWORKS_FOLDER_PATH}/RxLibrary.framework",
				"${TARGET_BUILD_DIR}/${FRAMEWORKS_FOLDER_PATH}/leveldb.framework",
				"${TARGET_BUILD_DIR}/${FRAMEWORKS_FOLDER_PATH}/nanopb.framework",
			);
			runOnlyForDeploymentPostprocessing = 0;
			shellPath = /bin/sh;
			shellScript = "\"${SRCROOT}/Pods/Target Support Files/Pods-DemandDriver/Pods-DemandDriver-frameworks.sh\"\n";
			showEnvVarsInLog = 0;
		};
		78BCE0B86D309D64FCAB1783 /* [CP] Copy Pods Resources */ = {
			isa = PBXShellScriptBuildPhase;
			buildActionMask = 2147483647;
			files = (
			);
			inputPaths = (
			);
			name = "[CP] Copy Pods Resources";
			outputPaths = (
			);
			runOnlyForDeploymentPostprocessing = 0;
			shellPath = /bin/sh;
			shellScript = "\"${SRCROOT}/Pods/Target Support Files/Pods-DemandDriverTests/Pods-DemandDriverTests-resources.sh\"\n";
			showEnvVarsInLog = 0;
		};
		A0007028EBD75D755A3DFCCC /* [CP] Copy Pods Resources */ = {
			isa = PBXShellScriptBuildPhase;
			buildActionMask = 2147483647;
			files = (
			);
			inputPaths = (
				"${SRCROOT}/Pods/Target Support Files/Pods-DemandDriver/Pods-DemandDriver-resources.sh",
				"${PODS_CONFIGURATION_BUILD_DIR}/FirebaseUI/FirebaseAuthUI.bundle",
				"${PODS_CONFIGURATION_BUILD_DIR}/FirebaseUI/FirebasePhoneAuthUI.bundle",
				"${PODS_ROOT}/GoogleMaps/Maps/Frameworks/GoogleMaps.framework/Resources/GoogleMaps.bundle",
				"${PODS_ROOT}/GooglePlaces/Frameworks/GooglePlaces.framework/Resources/GooglePlaces.bundle",
			);
			name = "[CP] Copy Pods Resources";
			outputPaths = (
				"${TARGET_BUILD_DIR}/${UNLOCALIZED_RESOURCES_FOLDER_PATH}/FirebaseAuthUI.bundle",
				"${TARGET_BUILD_DIR}/${UNLOCALIZED_RESOURCES_FOLDER_PATH}/FirebasePhoneAuthUI.bundle",
				"${TARGET_BUILD_DIR}/${UNLOCALIZED_RESOURCES_FOLDER_PATH}/GoogleMaps.bundle",
				"${TARGET_BUILD_DIR}/${UNLOCALIZED_RESOURCES_FOLDER_PATH}/GooglePlaces.bundle",
			);
			runOnlyForDeploymentPostprocessing = 0;
			shellPath = /bin/sh;
			shellScript = "\"${SRCROOT}/Pods/Target Support Files/Pods-DemandDriver/Pods-DemandDriver-resources.sh\"\n";
			showEnvVarsInLog = 0;
		};
		A4B67114F6A11C0C0566C11F /* [CP] Check Pods Manifest.lock */ = {
			isa = PBXShellScriptBuildPhase;
			buildActionMask = 2147483647;
			files = (
			);
			inputPaths = (
				"${PODS_PODFILE_DIR_PATH}/Podfile.lock",
				"${PODS_ROOT}/Manifest.lock",
			);
			name = "[CP] Check Pods Manifest.lock";
			outputPaths = (
				"$(DERIVED_FILE_DIR)/Pods-DemandDriver-checkManifestLockResult.txt",
			);
			runOnlyForDeploymentPostprocessing = 0;
			shellPath = /bin/sh;
			shellScript = "diff \"${PODS_PODFILE_DIR_PATH}/Podfile.lock\" \"${PODS_ROOT}/Manifest.lock\" > /dev/null\nif [ $? != 0 ] ; then\n    # print error to STDERR\n    echo \"error: The sandbox is not in sync with the Podfile.lock. Run 'pod install' or update your CocoaPods installation.\" >&2\n    exit 1\nfi\n# This output is used by Xcode 'outputs' to avoid re-running this script phase.\necho \"SUCCESS\" > \"${SCRIPT_OUTPUT_FILE_0}\"\n";
			showEnvVarsInLog = 0;
		};
		BA99090AE2B30A7FA2330AFC /* [CP] Check Pods Manifest.lock */ = {
			isa = PBXShellScriptBuildPhase;
			buildActionMask = 2147483647;
			files = (
			);
			inputPaths = (
				"${PODS_PODFILE_DIR_PATH}/Podfile.lock",
				"${PODS_ROOT}/Manifest.lock",
			);
			name = "[CP] Check Pods Manifest.lock";
			outputPaths = (
				"$(DERIVED_FILE_DIR)/Pods-DemandDriverUITests-checkManifestLockResult.txt",
			);
			runOnlyForDeploymentPostprocessing = 0;
			shellPath = /bin/sh;
			shellScript = "diff \"${PODS_PODFILE_DIR_PATH}/Podfile.lock\" \"${PODS_ROOT}/Manifest.lock\" > /dev/null\nif [ $? != 0 ] ; then\n    # print error to STDERR\n    echo \"error: The sandbox is not in sync with the Podfile.lock. Run 'pod install' or update your CocoaPods installation.\" >&2\n    exit 1\nfi\n# This output is used by Xcode 'outputs' to avoid re-running this script phase.\necho \"SUCCESS\" > \"${SCRIPT_OUTPUT_FILE_0}\"\n";
			showEnvVarsInLog = 0;
		};
		C8E886EC501B3407C3C1302D /* [CP] Embed Pods Frameworks */ = {
			isa = PBXShellScriptBuildPhase;
			buildActionMask = 2147483647;
			files = (
			);
			inputPaths = (
			);
			name = "[CP] Embed Pods Frameworks";
			outputPaths = (
			);
			runOnlyForDeploymentPostprocessing = 0;
			shellPath = /bin/sh;
			shellScript = "\"${SRCROOT}/Pods/Target Support Files/Pods-DemandDriverTests/Pods-DemandDriverTests-frameworks.sh\"\n";
			showEnvVarsInLog = 0;
		};
		E385C6C5B89A3CC4265B00DE /* [CP] Check Pods Manifest.lock */ = {
			isa = PBXShellScriptBuildPhase;
			buildActionMask = 2147483647;
			files = (
			);
			inputPaths = (
				"${PODS_PODFILE_DIR_PATH}/Podfile.lock",
				"${PODS_ROOT}/Manifest.lock",
			);
			name = "[CP] Check Pods Manifest.lock";
			outputPaths = (
				"$(DERIVED_FILE_DIR)/Pods-DemandDriverTests-checkManifestLockResult.txt",
			);
			runOnlyForDeploymentPostprocessing = 0;
			shellPath = /bin/sh;
			shellScript = "diff \"${PODS_PODFILE_DIR_PATH}/Podfile.lock\" \"${PODS_ROOT}/Manifest.lock\" > /dev/null\nif [ $? != 0 ] ; then\n    # print error to STDERR\n    echo \"error: The sandbox is not in sync with the Podfile.lock. Run 'pod install' or update your CocoaPods installation.\" >&2\n    exit 1\nfi\n# This output is used by Xcode 'outputs' to avoid re-running this script phase.\necho \"SUCCESS\" > \"${SCRIPT_OUTPUT_FILE_0}\"\n";
			showEnvVarsInLog = 0;
		};
/* End PBXShellScriptBuildPhase section */

/* Begin PBXSourcesBuildPhase section */
		47A32D312029AD37008954EF /* Sources */ = {
			isa = PBXSourcesBuildPhase;
			buildActionMask = 2147483647;
			files = (
				6FF1D5AE202D66EC00F38E61 /* SplashScreenControllerViewController.swift in Sources */,
				47A32D3B2029AD37008954EF /* HomeViewController.swift in Sources */,
				47B31767202D733F00293F54 /* SignUpViewController.swift in Sources */,
				3FE0A3D220569B6B00C43579 /* NewLoginViewController.swift in Sources */,
				6F1DD3AD2058E1FA00A73659 /* TariffViewController.swift in Sources */,
				6F1B359B205A81F7006538F4 /* PersonalInformationViewController.swift in Sources */,
				6FB6EDB9205A4323008F7D48 /* CurrentBookingViewController.swift in Sources */,
				6FA723F5205BCE9F0094E3A2 /* SettingsViewController.swift in Sources */,
				6F1DD3AB2058E1D700A73659 /* TariffTableViewCell.swift in Sources */,
				6FB6EDBB205A434C008F7D48 /* CurrentBookingTableViewCell.swift in Sources */,
				47E8C678202C146B001AC7E1 /* ViewExtender.swift in Sources */,
				47A32D392029AD37008954EF /* AppDelegate.swift in Sources */,
				47A32D412029AD38008954EF /* DemandDriver.xcdatamodeld in Sources */,
				470D3D41202B25F900648433 /* LoginViewController.swift in Sources */,
				6FF1D5B0202D9BD300F38E61 /* otp.swift in Sources */,
				470D3D3C202ADA6200648433 /* CallDriverMapViewController.swift in Sources */,
			);
			runOnlyForDeploymentPostprocessing = 0;
		};
		47A32D482029AD38008954EF /* Sources */ = {
			isa = PBXSourcesBuildPhase;
			buildActionMask = 2147483647;
			files = (
				47A32D512029AD38008954EF /* DemandDriverTests.swift in Sources */,
			);
			runOnlyForDeploymentPostprocessing = 0;
		};
		47A32D532029AD38008954EF /* Sources */ = {
			isa = PBXSourcesBuildPhase;
			buildActionMask = 2147483647;
			files = (
				47A32D5C2029AD38008954EF /* DemandDriverUITests.swift in Sources */,
			);
			runOnlyForDeploymentPostprocessing = 0;
		};
/* End PBXSourcesBuildPhase section */

/* Begin PBXTargetDependency section */
		47A32D4E2029AD38008954EF /* PBXTargetDependency */ = {
			isa = PBXTargetDependency;
			target = 47A32D342029AD37008954EF /* DemandDriver */;
			targetProxy = 47A32D4D2029AD38008954EF /* PBXContainerItemProxy */;
		};
		47A32D592029AD38008954EF /* PBXTargetDependency */ = {
			isa = PBXTargetDependency;
			target = 47A32D342029AD37008954EF /* DemandDriver */;
			targetProxy = 47A32D582029AD38008954EF /* PBXContainerItemProxy */;
		};
/* End PBXTargetDependency section */

/* Begin PBXVariantGroup section */
		47A32D3C2029AD38008954EF /* Main.storyboard */ = {
			isa = PBXVariantGroup;
			children = (
				47A32D3D2029AD38008954EF /* Base */,
			);
			name = Main.storyboard;
			sourceTree = "<group>";
		};
		47A32D442029AD38008954EF /* LaunchScreen.storyboard */ = {
			isa = PBXVariantGroup;
			children = (
				47A32D452029AD38008954EF /* Base */,
			);
			name = LaunchScreen.storyboard;
			sourceTree = "<group>";
		};
/* End PBXVariantGroup section */

/* Begin XCBuildConfiguration section */
		47A32D5E2029AD38008954EF /* Debug */ = {
			isa = XCBuildConfiguration;
			buildSettings = {
				ALWAYS_SEARCH_USER_PATHS = NO;
				CLANG_ANALYZER_NONNULL = YES;
				CLANG_ANALYZER_NUMBER_OBJECT_CONVERSION = YES_AGGRESSIVE;
				CLANG_CXX_LANGUAGE_STANDARD = "gnu++14";
				CLANG_CXX_LIBRARY = "libc++";
				CLANG_ENABLE_MODULES = YES;
				CLANG_ENABLE_OBJC_ARC = YES;
				CLANG_WARN_BLOCK_CAPTURE_AUTORELEASING = YES;
				CLANG_WARN_BOOL_CONVERSION = YES;
				CLANG_WARN_COMMA = YES;
				CLANG_WARN_CONSTANT_CONVERSION = YES;
				CLANG_WARN_DIRECT_OBJC_ISA_USAGE = YES_ERROR;
				CLANG_WARN_DOCUMENTATION_COMMENTS = YES;
				CLANG_WARN_EMPTY_BODY = YES;
				CLANG_WARN_ENUM_CONVERSION = YES;
				CLANG_WARN_INFINITE_RECURSION = YES;
				CLANG_WARN_INT_CONVERSION = YES;
				CLANG_WARN_NON_LITERAL_NULL_CONVERSION = YES;
				CLANG_WARN_OBJC_LITERAL_CONVERSION = YES;
				CLANG_WARN_OBJC_ROOT_CLASS = YES_ERROR;
				CLANG_WARN_RANGE_LOOP_ANALYSIS = YES;
				CLANG_WARN_STRICT_PROTOTYPES = YES;
				CLANG_WARN_SUSPICIOUS_MOVE = YES;
				CLANG_WARN_UNGUARDED_AVAILABILITY = YES_AGGRESSIVE;
				CLANG_WARN_UNREACHABLE_CODE = YES;
				CLANG_WARN__DUPLICATE_METHOD_MATCH = YES;
				CODE_SIGN_IDENTITY = "iPhone Developer";
				COPY_PHASE_STRIP = NO;
				DEBUG_INFORMATION_FORMAT = dwarf;
				ENABLE_STRICT_OBJC_MSGSEND = YES;
				ENABLE_TESTABILITY = YES;
				GCC_C_LANGUAGE_STANDARD = gnu11;
				GCC_DYNAMIC_NO_PIC = NO;
				GCC_NO_COMMON_BLOCKS = YES;
				GCC_OPTIMIZATION_LEVEL = 0;
				GCC_PREPROCESSOR_DEFINITIONS = (
					"DEBUG=1",
					"$(inherited)",
				);
				GCC_WARN_64_TO_32_BIT_CONVERSION = YES;
				GCC_WARN_ABOUT_RETURN_TYPE = YES_ERROR;
				GCC_WARN_UNDECLARED_SELECTOR = YES;
				GCC_WARN_UNINITIALIZED_AUTOS = YES_AGGRESSIVE;
				GCC_WARN_UNUSED_FUNCTION = YES;
				GCC_WARN_UNUSED_VARIABLE = YES;
				IPHONEOS_DEPLOYMENT_TARGET = 11.2;
				MTL_ENABLE_DEBUG_INFO = YES;
				ONLY_ACTIVE_ARCH = YES;
				SDKROOT = iphoneos;
				SWIFT_ACTIVE_COMPILATION_CONDITIONS = DEBUG;
				SWIFT_OPTIMIZATION_LEVEL = "-Onone";
			};
			name = Debug;
		};
		47A32D5F2029AD38008954EF /* Release */ = {
			isa = XCBuildConfiguration;
			buildSettings = {
				ALWAYS_SEARCH_USER_PATHS = NO;
				CLANG_ANALYZER_NONNULL = YES;
				CLANG_ANALYZER_NUMBER_OBJECT_CONVERSION = YES_AGGRESSIVE;
				CLANG_CXX_LANGUAGE_STANDARD = "gnu++14";
				CLANG_CXX_LIBRARY = "libc++";
				CLANG_ENABLE_MODULES = YES;
				CLANG_ENABLE_OBJC_ARC = YES;
				CLANG_WARN_BLOCK_CAPTURE_AUTORELEASING = YES;
				CLANG_WARN_BOOL_CONVERSION = YES;
				CLANG_WARN_COMMA = YES;
				CLANG_WARN_CONSTANT_CONVERSION = YES;
				CLANG_WARN_DIRECT_OBJC_ISA_USAGE = YES_ERROR;
				CLANG_WARN_DOCUMENTATION_COMMENTS = YES;
				CLANG_WARN_EMPTY_BODY = YES;
				CLANG_WARN_ENUM_CONVERSION = YES;
				CLANG_WARN_INFINITE_RECURSION = YES;
				CLANG_WARN_INT_CONVERSION = YES;
				CLANG_WARN_NON_LITERAL_NULL_CONVERSION = YES;
				CLANG_WARN_OBJC_LITERAL_CONVERSION = YES;
				CLANG_WARN_OBJC_ROOT_CLASS = YES_ERROR;
				CLANG_WARN_RANGE_LOOP_ANALYSIS = YES;
				CLANG_WARN_STRICT_PROTOTYPES = YES;
				CLANG_WARN_SUSPICIOUS_MOVE = YES;
				CLANG_WARN_UNGUARDED_AVAILABILITY = YES_AGGRESSIVE;
				CLANG_WARN_UNREACHABLE_CODE = YES;
				CLANG_WARN__DUPLICATE_METHOD_MATCH = YES;
				CODE_SIGN_IDENTITY = "iPhone Developer";
				COPY_PHASE_STRIP = NO;
				DEBUG_INFORMATION_FORMAT = "dwarf-with-dsym";
				ENABLE_NS_ASSERTIONS = NO;
				ENABLE_STRICT_OBJC_MSGSEND = YES;
				GCC_C_LANGUAGE_STANDARD = gnu11;
				GCC_NO_COMMON_BLOCKS = YES;
				GCC_WARN_64_TO_32_BIT_CONVERSION = YES;
				GCC_WARN_ABOUT_RETURN_TYPE = YES_ERROR;
				GCC_WARN_UNDECLARED_SELECTOR = YES;
				GCC_WARN_UNINITIALIZED_AUTOS = YES_AGGRESSIVE;
				GCC_WARN_UNUSED_FUNCTION = YES;
				GCC_WARN_UNUSED_VARIABLE = YES;
				IPHONEOS_DEPLOYMENT_TARGET = 11.2;
				MTL_ENABLE_DEBUG_INFO = NO;
				SDKROOT = iphoneos;
				SWIFT_OPTIMIZATION_LEVEL = "-Owholemodule";
				VALIDATE_PRODUCT = YES;
			};
			name = Release;
		};
		47A32D612029AD38008954EF /* Debug */ = {
			isa = XCBuildConfiguration;
			baseConfigurationReference = CCE2B9BF3029011E2F0D3A2C /* Pods-DemandDriver.debug.xcconfig */;
			buildSettings = {
				ASSETCATALOG_COMPILER_APPICON_NAME = AppIcon;
				CODE_SIGN_ENTITLEMENTS = DemandDriver/DemandDriver.entitlements;
				CODE_SIGN_STYLE = Automatic;
				DEVELOPMENT_TEAM = XSJRRDKMW9;
				INFOPLIST_FILE = DemandDriver/Info.plist;
				IPHONEOS_DEPLOYMENT_TARGET = 11.2;
				LD_RUNPATH_SEARCH_PATHS = "$(inherited) @executable_path/Frameworks";
				PRODUCT_BUNDLE_IDENTIFIER = "com.CZ.Demand-Driver";
				PRODUCT_NAME = "$(TARGET_NAME)";
				SWIFT_VERSION = 4.0;
				TARGETED_DEVICE_FAMILY = "1,2";
			};
			name = Debug;
		};
		47A32D622029AD38008954EF /* Release */ = {
			isa = XCBuildConfiguration;
			baseConfigurationReference = 81281D87511F743CCD9D5CFE /* Pods-DemandDriver.release.xcconfig */;
			buildSettings = {
				ASSETCATALOG_COMPILER_APPICON_NAME = AppIcon;
				CODE_SIGN_ENTITLEMENTS = DemandDriver/DemandDriver.entitlements;
				CODE_SIGN_STYLE = Automatic;
				DEVELOPMENT_TEAM = XSJRRDKMW9;
				INFOPLIST_FILE = DemandDriver/Info.plist;
				IPHONEOS_DEPLOYMENT_TARGET = 11.2;
				LD_RUNPATH_SEARCH_PATHS = "$(inherited) @executable_path/Frameworks";
				PRODUCT_BUNDLE_IDENTIFIER = "com.CZ.Demand-Driver";
				PRODUCT_NAME = "$(TARGET_NAME)";
				SWIFT_VERSION = 4.0;
				TARGETED_DEVICE_FAMILY = "1,2";
			};
			name = Release;
		};
		47A32D642029AD38008954EF /* Debug */ = {
			isa = XCBuildConfiguration;
			baseConfigurationReference = 898C9111B0C099037DC8E055 /* Pods-DemandDriverTests.debug.xcconfig */;
			buildSettings = {
				ALWAYS_EMBED_SWIFT_STANDARD_LIBRARIES = YES;
				BUNDLE_LOADER = "$(TEST_HOST)";
				CODE_SIGN_STYLE = Automatic;
				DEVELOPMENT_TEAM = XSJRRDKMW9;
				INFOPLIST_FILE = DemandDriverTests/Info.plist;
				LD_RUNPATH_SEARCH_PATHS = "$(inherited) @executable_path/Frameworks @loader_path/Frameworks";
				PRODUCT_BUNDLE_IDENTIFIER = com.music.DemandDriverTests;
				PRODUCT_NAME = "$(TARGET_NAME)";
				SWIFT_VERSION = 4.0;
				TARGETED_DEVICE_FAMILY = "1,2";
				TEST_HOST = "$(BUILT_PRODUCTS_DIR)/DemandDriver.app/DemandDriver";
			};
			name = Debug;
		};
		47A32D652029AD38008954EF /* Release */ = {
			isa = XCBuildConfiguration;
			baseConfigurationReference = 9DA05E0FB592FB4AAA808FA0 /* Pods-DemandDriverTests.release.xcconfig */;
			buildSettings = {
				ALWAYS_EMBED_SWIFT_STANDARD_LIBRARIES = YES;
				BUNDLE_LOADER = "$(TEST_HOST)";
				CODE_SIGN_STYLE = Automatic;
				DEVELOPMENT_TEAM = XSJRRDKMW9;
				INFOPLIST_FILE = DemandDriverTests/Info.plist;
				LD_RUNPATH_SEARCH_PATHS = "$(inherited) @executable_path/Frameworks @loader_path/Frameworks";
				PRODUCT_BUNDLE_IDENTIFIER = com.music.DemandDriverTests;
				PRODUCT_NAME = "$(TARGET_NAME)";
				SWIFT_VERSION = 4.0;
				TARGETED_DEVICE_FAMILY = "1,2";
				TEST_HOST = "$(BUILT_PRODUCTS_DIR)/DemandDriver.app/DemandDriver";
			};
			name = Release;
		};
		47A32D672029AD38008954EF /* Debug */ = {
			isa = XCBuildConfiguration;
			baseConfigurationReference = 33563F76E8269E318D42A85F /* Pods-DemandDriverUITests.debug.xcconfig */;
			buildSettings = {
				ALWAYS_EMBED_SWIFT_STANDARD_LIBRARIES = YES;
				CODE_SIGN_STYLE = Automatic;
				DEVELOPMENT_TEAM = XSJRRDKMW9;
				INFOPLIST_FILE = DemandDriverUITests/Info.plist;
				LD_RUNPATH_SEARCH_PATHS = "$(inherited) @executable_path/Frameworks @loader_path/Frameworks";
				PRODUCT_BUNDLE_IDENTIFIER = com.music.DemandDriverUITests;
				PRODUCT_NAME = "$(TARGET_NAME)";
				SWIFT_VERSION = 4.0;
				TARGETED_DEVICE_FAMILY = "1,2";
				TEST_TARGET_NAME = DemandDriver;
			};
			name = Debug;
		};
		47A32D682029AD38008954EF /* Release */ = {
			isa = XCBuildConfiguration;
			baseConfigurationReference = AA1201497DAB477CC64F8981 /* Pods-DemandDriverUITests.release.xcconfig */;
			buildSettings = {
				ALWAYS_EMBED_SWIFT_STANDARD_LIBRARIES = YES;
				CODE_SIGN_STYLE = Automatic;
				DEVELOPMENT_TEAM = XSJRRDKMW9;
				INFOPLIST_FILE = DemandDriverUITests/Info.plist;
				LD_RUNPATH_SEARCH_PATHS = "$(inherited) @executable_path/Frameworks @loader_path/Frameworks";
				PRODUCT_BUNDLE_IDENTIFIER = com.music.DemandDriverUITests;
				PRODUCT_NAME = "$(TARGET_NAME)";
				SWIFT_VERSION = 4.0;
				TARGETED_DEVICE_FAMILY = "1,2";
				TEST_TARGET_NAME = DemandDriver;
			};
			name = Release;
		};
/* End XCBuildConfiguration section */

/* Begin XCConfigurationList section */
		47A32D302029AD37008954EF /* Build configuration list for PBXProject "DemandDriver" */ = {
			isa = XCConfigurationList;
			buildConfigurations = (
				47A32D5E2029AD38008954EF /* Debug */,
				47A32D5F2029AD38008954EF /* Release */,
			);
			defaultConfigurationIsVisible = 0;
			defaultConfigurationName = Release;
		};
		47A32D602029AD38008954EF /* Build configuration list for PBXNativeTarget "DemandDriver" */ = {
			isa = XCConfigurationList;
			buildConfigurations = (
				47A32D612029AD38008954EF /* Debug */,
				47A32D622029AD38008954EF /* Release */,
			);
			defaultConfigurationIsVisible = 0;
			defaultConfigurationName = Release;
		};
		47A32D632029AD38008954EF /* Build configuration list for PBXNativeTarget "DemandDriverTests" */ = {
			isa = XCConfigurationList;
			buildConfigurations = (
				47A32D642029AD38008954EF /* Debug */,
				47A32D652029AD38008954EF /* Release */,
			);
			defaultConfigurationIsVisible = 0;
			defaultConfigurationName = Release;
		};
		47A32D662029AD38008954EF /* Build configuration list for PBXNativeTarget "DemandDriverUITests" */ = {
			isa = XCConfigurationList;
			buildConfigurations = (
				47A32D672029AD38008954EF /* Debug */,
				47A32D682029AD38008954EF /* Release */,
			);
			defaultConfigurationIsVisible = 0;
			defaultConfigurationName = Release;
		};
/* End XCConfigurationList section */

/* Begin XCVersionGroup section */
		47A32D3F2029AD38008954EF /* DemandDriver.xcdatamodeld */ = {
			isa = XCVersionGroup;
			children = (
				47A32D402029AD38008954EF /* DemandDriver.xcdatamodel */,
			);
			currentVersion = 47A32D402029AD38008954EF /* DemandDriver.xcdatamodel */;
			path = DemandDriver.xcdatamodeld;
			sourceTree = "<group>";
			versionGroupType = wrapper.xcdatamodel;
		};
/* End XCVersionGroup section */
	};
	rootObject = 47A32D2D2029AD37008954EF /* Project object */;
}
